{
    "requires": true,
    "lockfileVersion": 1,
    "dependencies": {
        "vue": {
            "version": "2.6.11",
            "resolved": "https://registry.npmjs.org/vue/-/vue-2.6.11.tgz",
            "integrity": "sha512-VfPwgcGABbGAue9+sfrD4PuwFar7gPb1yl1UK1MwXoQPAw0BKSqWfoYCT/ThFrdEVWoI51dBuyCoiNU9bZDZxQ==",
            "dev": true
        },
        "vue-router": {
            "version": "3.1.6",
            "resolved": "https://registry.npmjs.org/vue-router/-/vue-router-3.1.6.tgz",
            "integrity": "sha512-GYhn2ynaZlysZMkFE5oCHRUTqE8BWs/a9YbKpNLi0i7xD6KG1EzDqpHQmv1F5gXjr8kL5iIVS8EOtRaVUEXTqA=="
        },
        "vuetify": {
            "version": "2.2.25",
            "resolved": "https://registry.npmjs.org/vuetify/-/vuetify-2.2.25.tgz",
            "integrity": "sha512-sW//1OM2mH/tPmVm00fUKVZYOTooBh1/LSpOzIYCrHOZOL2JA3/3zM7zn7gyiJJzRTBklk5C+6YPI8lqz07d4g=="
        }
    }
}
